
Microsoft Visual Studio Solution File, Format Version 12.00
# Visual Studio Version 17
VisualStudioVersion = 17.0.31903.59
MinimumVisualStudioVersion = 10.0.40219.1
Project("{2150E333-8FDC-42A3-9474-1A3956D46DE8}") = "src", "src", "{E635F23E-4BED-4B55-8A53-6BD1A6563F7A}"
EndProject
Project("{2150E333-8FDC-42A3-9474-1A3956D46DE8}") = "CustomerService", "CustomerService", "{7394F3D2-317A-4C86-A4AB-433423CFB866}"
EndProject
Project("{FAE04EC0-301F-11D3-BF4B-00C04F79EFBC}") = "CustomerService.Api", "src\CustomerService\CustomerService.Api\CustomerService.Api.csproj", "{FB009CD2-29CA-4D4C-B914-893AF3A4DE45}"
EndProject
Project("{2150E333-8FDC-42A3-9474-1A3956D46DE8}") = "InventoryService", "InventoryService", "{6F72B4D7-7386-4BC8-9A7C-074838694EE4}"
EndProject
Project("{FAE04EC0-301F-11D3-BF4B-00C04F79EFBC}") = "InventoryService.Api", "src\InventoryService\InventoryService.Api\InventoryService.Api.csproj", "{139248EB-C0DD-43EA-B3AB-A789F976BF86}"
EndProject
Project("{2150E333-8FDC-42A3-9474-1A3956D46DE8}") = "SalesService", "SalesService", "{5B43A81B-59B3-4101-B9B8-645DD653A9A5}"
EndProject
Project("{FAE04EC0-301F-11D3-BF4B-00C04F79EFBC}") = "SalesService.Api", "src\SalesService\SalesService.Api\SalesService.Api.csproj", "{F0401615-B0AD-44A6-9BFD-7C390DC0CCFF}"
EndProject
Project("{2150E333-8FDC-42A3-9474-1A3956D46DE8}") = "PaymentService", "PaymentService", "{471A40BD-2031-4240-9A04-6F928ECBB992}"
EndProject
Project("{FAE04EC0-301F-11D3-BF4B-00C04F79EFBC}") = "PaymentService.Api", "src\PaymentService\PaymentService.Api\PaymentService.Api.csproj", "{CAE2A4D8-5AC3-45EC-BBB0-7ACF0C97D607}"
EndProject
Project("{2150E333-8FDC-42A3-9474-1A3956D46DE8}") = "Orchestrator", "Orchestrator", "{AE101735-B488-42F9-B7CA-82F7F8F0A0AE}"
EndProject
Project("{FAE04EC0-301F-11D3-BF4B-00C04F79EFBC}") = "Orchestrator.Api", "src\Orchestrator\Orchestrator.Api\Orchestrator.Api.csproj", "{E2FCEC77-2C75-45DC-B0D8-7FAEAF25B8BD}"
EndProject
Project("{FAE04EC0-301F-11D3-BF4B-00C04F79EFBC}") = "CustomerService.Core", "src\CustomerService\CustomerService.Core\CustomerService.Core.csproj", "{07B2278C-2477-4C83-9052-7BB2C2ED57B1}"
EndProject
Project("{FAE04EC0-301F-11D3-BF4B-00C04F79EFBC}") = "CustomerService.Adapters", "src\CustomerService\CustomerService.Adapters\CustomerService.Adapters.csproj", "{963898AC-70CD-4B45-9E8F-A0C4C614BEA1}"
EndProject
Project("{FAE04EC0-301F-11D3-BF4B-00C04F79EFBC}") = "InventoryService.Core", "src\InventoryService\InventoryService.Core\InventoryService.Core.csproj", "{D32DC198-5A46-4B5E-89DB-CE8630B207F1}"
EndProject
Project("{FAE04EC0-301F-11D3-BF4B-00C04F79EFBC}") = "InventoryService.Adapters", "src\InventoryService\InventoryService.Adapters\InventoryService.Adapters.csproj", "{7D8F45E8-3B01-43BB-8F64-56425D37FA69}"
EndProject
Project("{FAE04EC0-301F-11D3-BF4B-00C04F79EFBC}") = "PaymentService.Core", "src\PaymentService\PaymentService.Core\PaymentService.Core.csproj", "{ED0C0FFC-F309-4794-8400-915AC7877BD1}"
EndProject
Project("{FAE04EC0-301F-11D3-BF4B-00C04F79EFBC}") = "PaymentService.Adapters", "src\PaymentService\PaymentService.Adapters\PaymentService.Adapters.csproj", "{ECC062A0-500A-4242-9995-9852F0D65B2D}"
EndProject
Project("{FAE04EC0-301F-11D3-BF4B-00C04F79EFBC}") = "SalesService.Core", "src\SalesService\SalesService.Core\SalesService.Core.csproj", "{C7E346D5-6619-4BB6-AA18-BB8760B498EB}"
EndProject
Project("{FAE04EC0-301F-11D3-BF4B-00C04F79EFBC}") = "SalesService.Adapters", "src\SalesService\SalesService.Adapters\SalesService.Adapters.csproj", "{82CC9D60-8795-41DD-9136-2DA1B4A7D982}"
EndProject
Project("{FAE04EC0-301F-11D3-BF4B-00C04F79EFBC}") = "Orchestrator.Core", "src\Orchestrator\Orchestrator.Core\Orchestrator.Core.csproj", "{1B332CEA-17F9-4604-806D-04F322058369}"
EndProject
Project("{FAE04EC0-301F-11D3-BF4B-00C04F79EFBC}") = "Orchestrator.Adapters", "src\Orchestrator\Orchestrator.Adapters\Orchestrator.Adapters.csproj", "{0E458463-60FB-40E6-9415-2FD5FCE7A503}"
EndProject
Global
	GlobalSection(SolutionConfigurationPlatforms) = preSolution
		Debug|Any CPU = Debug|Any CPU
		Release|Any CPU = Release|Any CPU
	EndGlobalSection
	GlobalSection(SolutionProperties) = preSolution
		HideSolutionNode = FALSE
	EndGlobalSection
	GlobalSection(ProjectConfigurationPlatforms) = postSolution
		{FB009CD2-29CA-4D4C-B914-893AF3A4DE45}.Debug|Any CPU.ActiveCfg = Debug|Any CPU
		{FB009CD2-29CA-4D4C-B914-893AF3A4DE45}.Debug|Any CPU.Build.0 = Debug|Any CPU
		{FB009CD2-29CA-4D4C-B914-893AF3A4DE45}.Release|Any CPU.ActiveCfg = Release|Any CPU
		{FB009CD2-29CA-4D4C-B914-893AF3A4DE45}.Release|Any CPU.Build.0 = Release|Any CPU
		{139248EB-C0DD-43EA-B3AB-A789F976BF86}.Debug|Any CPU.ActiveCfg = Debug|Any CPU
		{139248EB-C0DD-43EA-B3AB-A789F976BF86}.Debug|Any CPU.Build.0 = Debug|Any CPU
		{139248EB-C0DD-43EA-B3AB-A789F976BF86}.Release|Any CPU.ActiveCfg = Release|Any CPU
		{139248EB-C0DD-43EA-B3AB-A789F976BF86}.Release|Any CPU.Build.0 = Release|Any CPU
		{F0401615-B0AD-44A6-9BFD-7C390DC0CCFF}.Debug|Any CPU.ActiveCfg = Debug|Any CPU
		{F0401615-B0AD-44A6-9BFD-7C390DC0CCFF}.Debug|Any CPU.Build.0 = Debug|Any CPU
		{F0401615-B0AD-44A6-9BFD-7C390DC0CCFF}.Release|Any CPU.ActiveCfg = Release|Any CPU
		{F0401615-B0AD-44A6-9BFD-7C390DC0CCFF}.Release|Any CPU.Build.0 = Release|Any CPU
		{CAE2A4D8-5AC3-45EC-BBB0-7ACF0C97D607}.Debug|Any CPU.ActiveCfg = Debug|Any CPU
		{CAE2A4D8-5AC3-45EC-BBB0-7ACF0C97D607}.Debug|Any CPU.Build.0 = Debug|Any CPU
		{CAE2A4D8-5AC3-45EC-BBB0-7ACF0C97D607}.Release|Any CPU.ActiveCfg = Release|Any CPU
		{CAE2A4D8-5AC3-45EC-BBB0-7ACF0C97D607}.Release|Any CPU.Build.0 = Release|Any CPU
		{E2FCEC77-2C75-45DC-B0D8-7FAEAF25B8BD}.Debug|Any CPU.ActiveCfg = Debug|Any CPU
		{E2FCEC77-2C75-45DC-B0D8-7FAEAF25B8BD}.Debug|Any CPU.Build.0 = Debug|Any CPU
		{E2FCEC77-2C75-45DC-B0D8-7FAEAF25B8BD}.Release|Any CPU.ActiveCfg = Release|Any CPU
		{E2FCEC77-2C75-45DC-B0D8-7FAEAF25B8BD}.Release|Any CPU.Build.0 = Release|Any CPU
		{07B2278C-2477-4C83-9052-7BB2C2ED57B1}.Debug|Any CPU.ActiveCfg = Debug|Any CPU
		{07B2278C-2477-4C83-9052-7BB2C2ED57B1}.Debug|Any CPU.Build.0 = Debug|Any CPU
		{07B2278C-2477-4C83-9052-7BB2C2ED57B1}.Release|Any CPU.ActiveCfg = Release|Any CPU
		{07B2278C-2477-4C83-9052-7BB2C2ED57B1}.Release|Any CPU.Build.0 = Release|Any CPU
		{963898AC-70CD-4B45-9E8F-A0C4C614BEA1}.Debug|Any CPU.ActiveCfg = Debug|Any CPU
		{963898AC-70CD-4B45-9E8F-A0C4C614BEA1}.Debug|Any CPU.Build.0 = Debug|Any CPU
		{963898AC-70CD-4B45-9E8F-A0C4C614BEA1}.Release|Any CPU.ActiveCfg = Release|Any CPU
		{963898AC-70CD-4B45-9E8F-A0C4C614BEA1}.Release|Any CPU.Build.0 = Release|Any CPU
		{D32DC198-5A46-4B5E-89DB-CE8630B207F1}.Debug|Any CPU.ActiveCfg = Debug|Any CPU
		{D32DC198-5A46-4B5E-89DB-CE8630B207F1}.Debug|Any CPU.Build.0 = Debug|Any CPU
		{D32DC198-5A46-4B5E-89DB-CE8630B207F1}.Release|Any CPU.ActiveCfg = Release|Any CPU
		{D32DC198-5A46-4B5E-89DB-CE8630B207F1}.Release|Any CPU.Build.0 = Release|Any CPU
		{7D8F45E8-3B01-43BB-8F64-56425D37FA69}.Debug|Any CPU.ActiveCfg = Debug|Any CPU
		{7D8F45E8-3B01-43BB-8F64-56425D37FA69}.Debug|Any CPU.Build.0 = Debug|Any CPU
		{7D8F45E8-3B01-43BB-8F64-56425D37FA69}.Release|Any CPU.ActiveCfg = Release|Any CPU
		{7D8F45E8-3B01-43BB-8F64-56425D37FA69}.Release|Any CPU.Build.0 = Release|Any CPU
		{ED0C0FFC-F309-4794-8400-915AC7877BD1}.Debug|Any CPU.ActiveCfg = Debug|Any CPU
		{ED0C0FFC-F309-4794-8400-915AC7877BD1}.Debug|Any CPU.Build.0 = Debug|Any CPU
		{ED0C0FFC-F309-4794-8400-915AC7877BD1}.Release|Any CPU.ActiveCfg = Release|Any CPU
		{ED0C0FFC-F309-4794-8400-915AC7877BD1}.Release|Any CPU.Build.0 = Release|Any CPU
		{ECC062A0-500A-4242-9995-9852F0D65B2D}.Debug|Any CPU.ActiveCfg = Debug|Any CPU
		{ECC062A0-500A-4242-9995-9852F0D65B2D}.Debug|Any CPU.Build.0 = Debug|Any CPU
		{ECC062A0-500A-4242-9995-9852F0D65B2D}.Release|Any CPU.ActiveCfg = Release|Any CPU
		{ECC062A0-500A-4242-9995-9852F0D65B2D}.Release|Any CPU.Build.0 = Release|Any CPU
		{C7E346D5-6619-4BB6-AA18-BB8760B498EB}.Debug|Any CPU.ActiveCfg = Debug|Any CPU
		{C7E346D5-6619-4BB6-AA18-BB8760B498EB}.Debug|Any CPU.Build.0 = Debug|Any CPU
		{C7E346D5-6619-4BB6-AA18-BB8760B498EB}.Release|Any CPU.ActiveCfg = Release|Any CPU
		{C7E346D5-6619-4BB6-AA18-BB8760B498EB}.Release|Any CPU.Build.0 = Release|Any CPU
		{82CC9D60-8795-41DD-9136-2DA1B4A7D982}.Debug|Any CPU.ActiveCfg = Debug|Any CPU
		{82CC9D60-8795-41DD-9136-2DA1B4A7D982}.Debug|Any CPU.Build.0 = Debug|Any CPU
		{82CC9D60-8795-41DD-9136-2DA1B4A7D982}.Release|Any CPU.ActiveCfg = Release|Any CPU
		{82CC9D60-8795-41DD-9136-2DA1B4A7D982}.Release|Any CPU.Build.0 = Release|Any CPU
		{1B332CEA-17F9-4604-806D-04F322058369}.Debug|Any CPU.ActiveCfg = Debug|Any CPU
		{1B332CEA-17F9-4604-806D-04F322058369}.Debug|Any CPU.Build.0 = Debug|Any CPU
		{1B332CEA-17F9-4604-806D-04F322058369}.Release|Any CPU.ActiveCfg = Release|Any CPU
		{1B332CEA-17F9-4604-806D-04F322058369}.Release|Any CPU.Build.0 = Release|Any CPU
		{0E458463-60FB-40E6-9415-2FD5FCE7A503}.Debug|Any CPU.ActiveCfg = Debug|Any CPU
		{0E458463-60FB-40E6-9415-2FD5FCE7A503}.Debug|Any CPU.Build.0 = Debug|Any CPU
		{0E458463-60FB-40E6-9415-2FD5FCE7A503}.Release|Any CPU.ActiveCfg = Release|Any CPU
		{0E458463-60FB-40E6-9415-2FD5FCE7A503}.Release|Any CPU.Build.0 = Release|Any CPU
	EndGlobalSection
	GlobalSection(NestedProjects) = preSolution
		{7394F3D2-317A-4C86-A4AB-433423CFB866} = {E635F23E-4BED-4B55-8A53-6BD1A6563F7A}
		{FB009CD2-29CA-4D4C-B914-893AF3A4DE45} = {7394F3D2-317A-4C86-A4AB-433423CFB866}
		{6F72B4D7-7386-4BC8-9A7C-074838694EE4} = {E635F23E-4BED-4B55-8A53-6BD1A6563F7A}
		{139248EB-C0DD-43EA-B3AB-A789F976BF86} = {6F72B4D7-7386-4BC8-9A7C-074838694EE4}
		{5B43A81B-59B3-4101-B9B8-645DD653A9A5} = {E635F23E-4BED-4B55-8A53-6BD1A6563F7A}
		{F0401615-B0AD-44A6-9BFD-7C390DC0CCFF} = {5B43A81B-59B3-4101-B9B8-645DD653A9A5}
		{471A40BD-2031-4240-9A04-6F928ECBB992} = {E635F23E-4BED-4B55-8A53-6BD1A6563F7A}
		{CAE2A4D8-5AC3-45EC-BBB0-7ACF0C97D607} = {471A40BD-2031-4240-9A04-6F928ECBB992}
		{AE101735-B488-42F9-B7CA-82F7F8F0A0AE} = {E635F23E-4BED-4B55-8A53-6BD1A6563F7A}
		{E2FCEC77-2C75-45DC-B0D8-7FAEAF25B8BD} = {AE101735-B488-42F9-B7CA-82F7F8F0A0AE}
		{07B2278C-2477-4C83-9052-7BB2C2ED57B1} = {7394F3D2-317A-4C86-A4AB-433423CFB866}
		{963898AC-70CD-4B45-9E8F-A0C4C614BEA1} = {7394F3D2-317A-4C86-A4AB-433423CFB866}
		{D32DC198-5A46-4B5E-89DB-CE8630B207F1} = {6F72B4D7-7386-4BC8-9A7C-074838694EE4}
		{7D8F45E8-3B01-43BB-8F64-56425D37FA69} = {6F72B4D7-7386-4BC8-9A7C-074838694EE4}
		{ED0C0FFC-F309-4794-8400-915AC7877BD1} = {471A40BD-2031-4240-9A04-6F928ECBB992}
		{ECC062A0-500A-4242-9995-9852F0D65B2D} = {471A40BD-2031-4240-9A04-6F928ECBB992}
		{C7E346D5-6619-4BB6-AA18-BB8760B498EB} = {5B43A81B-59B3-4101-B9B8-645DD653A9A5}
		{82CC9D60-8795-41DD-9136-2DA1B4A7D982} = {5B43A81B-59B3-4101-B9B8-645DD653A9A5}
		{1B332CEA-17F9-4604-806D-04F322058369} = {AE101735-B488-42F9-B7CA-82F7F8F0A0AE}
		{0E458463-60FB-40E6-9415-2FD5FCE7A503} = {AE101735-B488-42F9-B7CA-82F7F8F0A0AE}
	EndGlobalSection
EndGlobal
